{
    "requires": true,
    "lockfileVersion": 1,
    "dependencies": {
        "vuetify": {
            "version": "2.1.15",
            "resolved": "https://registry.npmjs.org/vuetify/-/vuetify-2.1.15.tgz",
            "integrity": "sha512-M35NJvlzkbCpFfsK08xraNvCpiNCIbYUXI/hkzjWHQV1MFIZnjrDTVtYoiudCyJ52zlrhWezAr4pzFOCLAr6RA=="
        }
    }
}
